
Microsoft Visual Studio Solution File, Format Version 12.00
# Visual Studio 14
VisualStudioVersion = 14.0.25420.1
MinimumVisualStudioVersion = 10.0.40219.1
Project("{FAE04EC0-301F-11D3-BF4B-00C04F79EFBC}") = "CAPLab", "CAPLab\CAPLab\CAPLab.csproj", "{3D56656C-8461-4B89-A147-82C35A3D3AEE}"
EndProject
Project("{FAE04EC0-301F-11D3-BF4B-00C04F79EFBC}") = "CAPLab.Droid", "CAPLab\CAPLab.Droid\CAPLab.Droid.csproj", "{A5266A2F-7002-4FDA-A087-ABF2D7949E9E}"
EndProject
Project("{FAE04EC0-301F-11D3-BF4B-00C04F79EFBC}") = "CAPLab.iOS", "CAPLab\CAPLab.iOS\CAPLab.iOS.csproj", "{A487697E-E7A2-4CFF-9BC2-D7A30884BFCC}"
EndProject
Global
	GlobalSection(SolutionConfigurationPlatforms) = preSolution
		Ad-Hoc|Any CPU = Ad-Hoc|Any CPU
		Ad-Hoc|ARM = Ad-Hoc|ARM
		Ad-Hoc|iPhone = Ad-Hoc|iPhone
		Ad-Hoc|iPhoneSimulator = Ad-Hoc|iPhoneSimulator
		Ad-Hoc|x64 = Ad-Hoc|x64
		Ad-Hoc|x86 = Ad-Hoc|x86
		AppStore|Any CPU = AppStore|Any CPU
		AppStore|ARM = AppStore|ARM
		AppStore|iPhone = AppStore|iPhone
		AppStore|iPhoneSimulator = AppStore|iPhoneSimulator
		AppStore|x64 = AppStore|x64
		AppStore|x86 = AppStore|x86
		Debug|Any CPU = Debug|Any CPU
		Debug|ARM = Debug|ARM
		Debug|iPhone = Debug|iPhone
		Debug|iPhoneSimulator = Debug|iPhoneSimulator
		Debug|x64 = Debug|x64
		Debug|x86 = Debug|x86
		Release|Any CPU = Release|Any CPU
		Release|ARM = Release|ARM
		Release|iPhone = Release|iPhone
		Release|iPhoneSimulator = Release|iPhoneSimulator
		Release|x64 = Release|x64
		Release|x86 = Release|x86
	EndGlobalSection
	GlobalSection(ProjectConfigurationPlatforms) = postSolution
		{3D56656C-8461-4B89-A147-82C35A3D3AEE}.Ad-Hoc|Any CPU.ActiveCfg = Release|Any CPU
		{3D56656C-8461-4B89-A147-82C35A3D3AEE}.Ad-Hoc|Any CPU.Build.0 = Release|Any CPU
		{3D56656C-8461-4B89-A147-82C35A3D3AEE}.Ad-Hoc|ARM.ActiveCfg = Release|Any CPU
		{3D56656C-8461-4B89-A147-82C35A3D3AEE}.Ad-Hoc|ARM.Build.0 = Release|Any CPU
		{3D56656C-8461-4B89-A147-82C35A3D3AEE}.Ad-Hoc|iPhone.ActiveCfg = Release|Any CPU
		{3D56656C-8461-4B89-A147-82C35A3D3AEE}.Ad-Hoc|iPhone.Build.0 = Release|Any CPU
		{3D56656C-8461-4B89-A147-82C35A3D3AEE}.Ad-Hoc|iPhoneSimulator.ActiveCfg = Release|Any CPU
		{3D56656C-8461-4B89-A147-82C35A3D3AEE}.Ad-Hoc|iPhoneSimulator.Build.0 = Release|Any CPU
		{3D56656C-8461-4B89-A147-82C35A3D3AEE}.Ad-Hoc|x64.ActiveCfg = Release|Any CPU
		{3D56656C-8461-4B89-A147-82C35A3D3AEE}.Ad-Hoc|x64.Build.0 = Release|Any CPU
		{3D56656C-8461-4B89-A147-82C35A3D3AEE}.Ad-Hoc|x86.ActiveCfg = Release|Any CPU
		{3D56656C-8461-4B89-A147-82C35A3D3AEE}.Ad-Hoc|x86.Build.0 = Release|Any CPU
		{3D56656C-8461-4B89-A147-82C35A3D3AEE}.AppStore|Any CPU.ActiveCfg = Release|Any CPU
		{3D56656C-8461-4B89-A147-82C35A3D3AEE}.AppStore|Any CPU.Build.0 = Release|Any CPU
		{3D56656C-8461-4B89-A147-82C35A3D3AEE}.AppStore|ARM.ActiveCfg = Release|Any CPU
		{3D56656C-8461-4B89-A147-82C35A3D3AEE}.AppStore|ARM.Build.0 = Release|Any CPU
		{3D56656C-8461-4B89-A147-82C35A3D3AEE}.AppStore|iPhone.ActiveCfg = Release|Any CPU
		{3D56656C-8461-4B89-A147-82C35A3D3AEE}.AppStore|iPhone.Build.0 = Release|Any CPU
		{3D56656C-8461-4B89-A147-82C35A3D3AEE}.AppStore|iPhoneSimulator.ActiveCfg = Release|Any CPU
		{3D56656C-8461-4B89-A147-82C35A3D3AEE}.AppStore|iPhoneSimulator.Build.0 = Release|Any CPU
		{3D56656C-8461-4B89-A147-82C35A3D3AEE}.AppStore|x64.ActiveCfg = Release|Any CPU
		{3D56656C-8461-4B89-A147-82C35A3D3AEE}.AppStore|x64.Build.0 = Release|Any CPU
		{3D56656C-8461-4B89-A147-82C35A3D3AEE}.AppStore|x86.ActiveCfg = Release|Any CPU
		{3D56656C-8461-4B89-A147-82C35A3D3AEE}.AppStore|x86.Build.0 = Release|Any CPU
		{3D56656C-8461-4B89-A147-82C35A3D3AEE}.Debug|Any CPU.ActiveCfg = Debug|Any CPU
		{3D56656C-8461-4B89-A147-82C35A3D3AEE}.Debug|Any CPU.Build.0 = Debug|Any CPU
		{3D56656C-8461-4B89-A147-82C35A3D3AEE}.Debug|ARM.ActiveCfg = Debug|Any CPU
		{3D56656C-8461-4B89-A147-82C35A3D3AEE}.Debug|ARM.Build.0 = Debug|Any CPU
		{3D56656C-8461-4B89-A147-82C35A3D3AEE}.Debug|iPhone.ActiveCfg = Debug|Any CPU
		{3D56656C-8461-4B89-A147-82C35A3D3AEE}.Debug|iPhone.Build.0 = Debug|Any CPU
		{3D56656C-8461-4B89-A147-82C35A3D3AEE}.Debug|iPhoneSimulator.ActiveCfg = Debug|Any CPU
		{3D56656C-8461-4B89-A147-82C35A3D3AEE}.Debug|iPhoneSimulator.Build.0 = Debug|Any CPU
		{3D56656C-8461-4B89-A147-82C35A3D3AEE}.Debug|x64.ActiveCfg = Debug|Any CPU
		{3D56656C-8461-4B89-A147-82C35A3D3AEE}.Debug|x64.Build.0 = Debug|Any CPU
		{3D56656C-8461-4B89-A147-82C35A3D3AEE}.Debug|x86.ActiveCfg = Debug|Any CPU
		{3D56656C-8461-4B89-A147-82C35A3D3AEE}.Debug|x86.Build.0 = Debug|Any CPU
		{3D56656C-8461-4B89-A147-82C35A3D3AEE}.Release|Any CPU.ActiveCfg = Release|Any CPU
		{3D56656C-8461-4B89-A147-82C35A3D3AEE}.Release|Any CPU.Build.0 = Release|Any CPU
		{3D56656C-8461-4B89-A147-82C35A3D3AEE}.Release|ARM.ActiveCfg = Release|Any CPU
		{3D56656C-8461-4B89-A147-82C35A3D3AEE}.Release|ARM.Build.0 = Release|Any CPU
		{3D56656C-8461-4B89-A147-82C35A3D3AEE}.Release|iPhone.ActiveCfg = Release|Any CPU
		{3D56656C-8461-4B89-A147-82C35A3D3AEE}.Release|iPhone.Build.0 = Release|Any CPU
		{3D56656C-8461-4B89-A147-82C35A3D3AEE}.Release|iPhoneSimulator.ActiveCfg = Release|Any CPU
		{3D56656C-8461-4B89-A147-82C35A3D3AEE}.Release|iPhoneSimulator.Build.0 = Release|Any CPU
		{3D56656C-8461-4B89-A147-82C35A3D3AEE}.Release|x64.ActiveCfg = Release|Any CPU
		{3D56656C-8461-4B89-A147-82C35A3D3AEE}.Release|x64.Build.0 = Release|Any CPU
		{3D56656C-8461-4B89-A147-82C35A3D3AEE}.Release|x86.ActiveCfg = Release|Any CPU
		{3D56656C-8461-4B89-A147-82C35A3D3AEE}.Release|x86.Build.0 = Release|Any CPU
		{A5266A2F-7002-4FDA-A087-ABF2D7949E9E}.Ad-Hoc|Any CPU.ActiveCfg = Release|Any CPU
		{A5266A2F-7002-4FDA-A087-ABF2D7949E9E}.Ad-Hoc|Any CPU.Build.0 = Release|Any CPU
		{A5266A2F-7002-4FDA-A087-ABF2D7949E9E}.Ad-Hoc|Any CPU.Deploy.0 = Release|Any CPU
		{A5266A2F-7002-4FDA-A087-ABF2D7949E9E}.Ad-Hoc|ARM.ActiveCfg = Release|Any CPU
		{A5266A2F-7002-4FDA-A087-ABF2D7949E9E}.Ad-Hoc|ARM.Build.0 = Release|Any CPU
		{A5266A2F-7002-4FDA-A087-ABF2D7949E9E}.Ad-Hoc|ARM.Deploy.0 = Release|Any CPU
		{A5266A2F-7002-4FDA-A087-ABF2D7949E9E}.Ad-Hoc|iPhone.ActiveCfg = Release|Any CPU
		{A5266A2F-7002-4FDA-A087-ABF2D7949E9E}.Ad-Hoc|iPhone.Build.0 = Release|Any CPU
		{A5266A2F-7002-4FDA-A087-ABF2D7949E9E}.Ad-Hoc|iPhone.Deploy.0 = Release|Any CPU
		{A5266A2F-7002-4FDA-A087-ABF2D7949E9E}.Ad-Hoc|iPhoneSimulator.ActiveCfg = Release|Any CPU
		{A5266A2F-7002-4FDA-A087-ABF2D7949E9E}.Ad-Hoc|iPhoneSimulator.Build.0 = Release|Any CPU
		{A5266A2F-7002-4FDA-A087-ABF2D7949E9E}.Ad-Hoc|iPhoneSimulator.Deploy.0 = Release|Any CPU
		{A5266A2F-7002-4FDA-A087-ABF2D7949E9E}.Ad-Hoc|x64.ActiveCfg = Release|Any CPU
		{A5266A2F-7002-4FDA-A087-ABF2D7949E9E}.Ad-Hoc|x64.Build.0 = Release|Any CPU
		{A5266A2F-7002-4FDA-A087-ABF2D7949E9E}.Ad-Hoc|x64.Deploy.0 = Release|Any CPU
		{A5266A2F-7002-4FDA-A087-ABF2D7949E9E}.Ad-Hoc|x86.ActiveCfg = Release|Any CPU
		{A5266A2F-7002-4FDA-A087-ABF2D7949E9E}.Ad-Hoc|x86.Build.0 = Release|Any CPU
		{A5266A2F-7002-4FDA-A087-ABF2D7949E9E}.Ad-Hoc|x86.Deploy.0 = Release|Any CPU
		{A5266A2F-7002-4FDA-A087-ABF2D7949E9E}.AppStore|Any CPU.ActiveCfg = Release|Any CPU
		{A5266A2F-7002-4FDA-A087-ABF2D7949E9E}.AppStore|Any CPU.Build.0 = Release|Any CPU
		{A5266A2F-7002-4FDA-A087-ABF2D7949E9E}.AppStore|Any CPU.Deploy.0 = Release|Any CPU
		{A5266A2F-7002-4FDA-A087-ABF2D7949E9E}.AppStore|ARM.ActiveCfg = Release|Any CPU
		{A5266A2F-7002-4FDA-A087-ABF2D7949E9E}.AppStore|ARM.Build.0 = Release|Any CPU
		{A5266A2F-7002-4FDA-A087-ABF2D7949E9E}.AppStore|ARM.Deploy.0 = Release|Any CPU
		{A5266A2F-7002-4FDA-A087-ABF2D7949E9E}.AppStore|iPhone.ActiveCfg = Release|Any CPU
		{A5266A2F-7002-4FDA-A087-ABF2D7949E9E}.AppStore|iPhone.Build.0 = Release|Any CPU
		{A5266A2F-7002-4FDA-A087-ABF2D7949E9E}.AppStore|iPhone.Deploy.0 = Release|Any CPU
		{A5266A2F-7002-4FDA-A087-ABF2D7949E9E}.AppStore|iPhoneSimulator.ActiveCfg = Release|Any CPU
		{A5266A2F-7002-4FDA-A087-ABF2D7949E9E}.AppStore|iPhoneSimulator.Build.0 = Release|Any CPU
		{A5266A2F-7002-4FDA-A087-ABF2D7949E9E}.AppStore|iPhoneSimulator.Deploy.0 = Release|Any CPU
		{A5266A2F-7002-4FDA-A087-ABF2D7949E9E}.AppStore|x64.ActiveCfg = Release|Any CPU
		{A5266A2F-7002-4FDA-A087-ABF2D7949E9E}.AppStore|x64.Build.0 = Release|Any CPU
		{A5266A2F-7002-4FDA-A087-ABF2D7949E9E}.AppStore|x64.Deploy.0 = Release|Any CPU
		{A5266A2F-7002-4FDA-A087-ABF2D7949E9E}.AppStore|x86.ActiveCfg = Release|Any CPU
		{A5266A2F-7002-4FDA-A087-ABF2D7949E9E}.AppStore|x86.Build.0 = Release|Any CPU
		{A5266A2F-7002-4FDA-A087-ABF2D7949E9E}.AppStore|x86.Deploy.0 = Release|Any CPU
		{A5266A2F-7002-4FDA-A087-ABF2D7949E9E}.Debug|Any CPU.ActiveCfg = Debug|Any CPU
		{A5266A2F-7002-4FDA-A087-ABF2D7949E9E}.Debug|Any CPU.Build.0 = Debug|Any CPU
		{A5266A2F-7002-4FDA-A087-ABF2D7949E9E}.Debug|Any CPU.Deploy.0 = Debug|Any CPU
		{A5266A2F-7002-4FDA-A087-ABF2D7949E9E}.Debug|ARM.ActiveCfg = Debug|Any CPU
		{A5266A2F-7002-4FDA-A087-ABF2D7949E9E}.Debug|ARM.Build.0 = Debug|Any CPU
		{A5266A2F-7002-4FDA-A087-ABF2D7949E9E}.Debug|ARM.Deploy.0 = Debug|Any CPU
		{A5266A2F-7002-4FDA-A087-ABF2D7949E9E}.Debug|iPhone.ActiveCfg = Debug|Any CPU
		{A5266A2F-7002-4FDA-A087-ABF2D7949E9E}.Debug|iPhone.Build.0 = Debug|Any CPU
		{A5266A2F-7002-4FDA-A087-ABF2D7949E9E}.Debug|iPhone.Deploy.0 = Debug|Any CPU
		{A5266A2F-7002-4FDA-A087-ABF2D7949E9E}.Debug|iPhoneSimulator.ActiveCfg = Debug|Any CPU
		{A5266A2F-7002-4FDA-A087-ABF2D7949E9E}.Debug|iPhoneSimulator.Build.0 = Debug|Any CPU
		{A5266A2F-7002-4FDA-A087-ABF2D7949E9E}.Debug|iPhoneSimulator.Deploy.0 = Debug|Any CPU
		{A5266A2F-7002-4FDA-A087-ABF2D7949E9E}.Debug|x64.ActiveCfg = Debug|Any CPU
		{A5266A2F-7002-4FDA-A087-ABF2D7949E9E}.Debug|x64.Build.0 = Debug|Any CPU
		{A5266A2F-7002-4FDA-A087-ABF2D7949E9E}.Debug|x64.Deploy.0 = Debug|Any CPU
		{A5266A2F-7002-4FDA-A087-ABF2D7949E9E}.Debug|x86.ActiveCfg = Debug|Any CPU
		{A5266A2F-7002-4FDA-A087-ABF2D7949E9E}.Debug|x86.Build.0 = Debug|Any CPU
		{A5266A2F-7002-4FDA-A087-ABF2D7949E9E}.Debug|x86.Deploy.0 = Debug|Any CPU
		{A5266A2F-7002-4FDA-A087-ABF2D7949E9E}.Release|Any CPU.ActiveCfg = Release|Any CPU
		{A5266A2F-7002-4FDA-A087-ABF2D7949E9E}.Release|Any CPU.Build.0 = Release|Any CPU
		{A5266A2F-7002-4FDA-A087-ABF2D7949E9E}.Release|Any CPU.Deploy.0 = Release|Any CPU
		{A5266A2F-7002-4FDA-A087-ABF2D7949E9E}.Release|ARM.ActiveCfg = Release|Any CPU
		{A5266A2F-7002-4FDA-A087-ABF2D7949E9E}.Release|ARM.Build.0 = Release|Any CPU
		{A5266A2F-7002-4FDA-A087-ABF2D7949E9E}.Release|ARM.Deploy.0 = Release|Any CPU
		{A5266A2F-7002-4FDA-A087-ABF2D7949E9E}.Release|iPhone.ActiveCfg = Release|Any CPU
		{A5266A2F-7002-4FDA-A087-ABF2D7949E9E}.Release|iPhone.Build.0 = Release|Any CPU
		{A5266A2F-7002-4FDA-A087-ABF2D7949E9E}.Release|iPhone.Deploy.0 = Release|Any CPU
		{A5266A2F-7002-4FDA-A087-ABF2D7949E9E}.Release|iPhoneSimulator.ActiveCfg = Release|Any CPU
		{A5266A2F-7002-4FDA-A087-ABF2D7949E9E}.Release|iPhoneSimulator.Build.0 = Release|Any CPU
		{A5266A2F-7002-4FDA-A087-ABF2D7949E9E}.Release|iPhoneSimulator.Deploy.0 = Release|Any CPU
		{A5266A2F-7002-4FDA-A087-ABF2D7949E9E}.Release|x64.ActiveCfg = Release|Any CPU
		{A5266A2F-7002-4FDA-A087-ABF2D7949E9E}.Release|x64.Build.0 = Release|Any CPU
		{A5266A2F-7002-4FDA-A087-ABF2D7949E9E}.Release|x64.Deploy.0 = Release|Any CPU
		{A5266A2F-7002-4FDA-A087-ABF2D7949E9E}.Release|x86.ActiveCfg = Release|Any CPU
		{A5266A2F-7002-4FDA-A087-ABF2D7949E9E}.Release|x86.Build.0 = Release|Any CPU
		{A5266A2F-7002-4FDA-A087-ABF2D7949E9E}.Release|x86.Deploy.0 = Release|Any CPU
		{A487697E-E7A2-4CFF-9BC2-D7A30884BFCC}.Ad-Hoc|Any CPU.ActiveCfg = Ad-Hoc|iPhone
		{A487697E-E7A2-4CFF-9BC2-D7A30884BFCC}.Ad-Hoc|ARM.ActiveCfg = Ad-Hoc|iPhone
		{A487697E-E7A2-4CFF-9BC2-D7A30884BFCC}.Ad-Hoc|iPhone.ActiveCfg = Ad-Hoc|iPhone
		{A487697E-E7A2-4CFF-9BC2-D7A30884BFCC}.Ad-Hoc|iPhone.Build.0 = Ad-Hoc|iPhone
		{A487697E-E7A2-4CFF-9BC2-D7A30884BFCC}.Ad-Hoc|iPhoneSimulator.ActiveCfg = Ad-Hoc|iPhoneSimulator
		{A487697E-E7A2-4CFF-9BC2-D7A30884BFCC}.Ad-Hoc|iPhoneSimulator.Build.0 = Ad-Hoc|iPhoneSimulator
		{A487697E-E7A2-4CFF-9BC2-D7A30884BFCC}.Ad-Hoc|x64.ActiveCfg = Ad-Hoc|iPhone
		{A487697E-E7A2-4CFF-9BC2-D7A30884BFCC}.Ad-Hoc|x86.ActiveCfg = Ad-Hoc|iPhone
		{A487697E-E7A2-4CFF-9BC2-D7A30884BFCC}.AppStore|Any CPU.ActiveCfg = AppStore|iPhone
		{A487697E-E7A2-4CFF-9BC2-D7A30884BFCC}.AppStore|ARM.ActiveCfg = AppStore|iPhone
		{A487697E-E7A2-4CFF-9BC2-D7A30884BFCC}.AppStore|iPhone.ActiveCfg = AppStore|iPhone
		{A487697E-E7A2-4CFF-9BC2-D7A30884BFCC}.AppStore|iPhone.Build.0 = AppStore|iPhone
		{A487697E-E7A2-4CFF-9BC2-D7A30884BFCC}.AppStore|iPhoneSimulator.ActiveCfg = AppStore|iPhoneSimulator
		{A487697E-E7A2-4CFF-9BC2-D7A30884BFCC}.AppStore|iPhoneSimulator.Build.0 = AppStore|iPhoneSimulator
		{A487697E-E7A2-4CFF-9BC2-D7A30884BFCC}.AppStore|x64.ActiveCfg = AppStore|iPhone
		{A487697E-E7A2-4CFF-9BC2-D7A30884BFCC}.AppStore|x86.ActiveCfg = AppStore|iPhone
		{A487697E-E7A2-4CFF-9BC2-D7A30884BFCC}.Debug|Any CPU.ActiveCfg = Debug|iPhone
		{A487697E-E7A2-4CFF-9BC2-D7A30884BFCC}.Debug|ARM.ActiveCfg = Debug|iPhone
		{A487697E-E7A2-4CFF-9BC2-D7A30884BFCC}.Debug|iPhone.ActiveCfg = Debug|iPhone
		{A487697E-E7A2-4CFF-9BC2-D7A30884BFCC}.Debug|iPhone.Build.0 = Debug|iPhone
		{A487697E-E7A2-4CFF-9BC2-D7A30884BFCC}.Debug|iPhoneSimulator.ActiveCfg = Debug|iPhoneSimulator
		{A487697E-E7A2-4CFF-9BC2-D7A30884BFCC}.Debug|iPhoneSimulator.Build.0 = Debug|iPhoneSimulator
		{A487697E-E7A2-4CFF-9BC2-D7A30884BFCC}.Debug|x64.ActiveCfg = Debug|iPhone
		{A487697E-E7A2-4CFF-9BC2-D7A30884BFCC}.Debug|x86.ActiveCfg = Debug|iPhone
		{A487697E-E7A2-4CFF-9BC2-D7A30884BFCC}.Release|Any CPU.ActiveCfg = Release|iPhone
		{A487697E-E7A2-4CFF-9BC2-D7A30884BFCC}.Release|ARM.ActiveCfg = Release|iPhone
		{A487697E-E7A2-4CFF-9BC2-D7A30884BFCC}.Release|iPhone.ActiveCfg = Release|iPhone
		{A487697E-E7A2-4CFF-9BC2-D7A30884BFCC}.Release|iPhone.Build.0 = Release|iPhone
		{A487697E-E7A2-4CFF-9BC2-D7A30884BFCC}.Release|iPhoneSimulator.ActiveCfg = Release|iPhoneSimulator
		{A487697E-E7A2-4CFF-9BC2-D7A30884BFCC}.Release|iPhoneSimulator.Build.0 = Release|iPhoneSimulator
		{A487697E-E7A2-4CFF-9BC2-D7A30884BFCC}.Release|x64.ActiveCfg = Release|iPhone
		{A487697E-E7A2-4CFF-9BC2-D7A30884BFCC}.Release|x86.ActiveCfg = Release|iPhone
	EndGlobalSection
	GlobalSection(SolutionProperties) = preSolution
		HideSolutionNode = FALSE
	EndGlobalSection
EndGlobal
